
Microsoft Visual Studio Solution File, Format Version 12.00
# Visual Studio Version 17
VisualStudioVersion = 17.11.35312.102
MinimumVisualStudioVersion = 10.0.40219.1
Project("{FAE04EC0-301F-11D3-BF4B-00C04F79EFBC}") = "MvcFirmaCagri", "MvcFirmaCagri.csproj", "{4331CBAE-D597-4ECE-9FD1-353F6BFADF22}"
EndProject
Global
	GlobalSection(SolutionConfigurationPlatforms) = preSolution
		Debug|Any CPU = Debug|Any CPU
		Release|Any CPU = Release|Any CPU
	EndGlobalSection
	GlobalSection(ProjectConfigurationPlatforms) = postSolution
		{4331CBAE-D597-4ECE-9FD1-353F6BFADF22}.Debug|Any CPU.ActiveCfg = Debug|Any CPU
		{4331CBAE-D597-4ECE-9FD1-353F6BFADF22}.Debug|Any CPU.Build.0 = Debug|Any CPU
		{4331CBAE-D597-4ECE-9FD1-353F6BFADF22}.Release|Any CPU.ActiveCfg = Release|Any CPU
		{4331CBAE-D597-4ECE-9FD1-353F6BFADF22}.Release|Any CPU.Build.0 = Release|Any CPU
	EndGlobalSection
	GlobalSection(SolutionProperties) = preSolution
		HideSolutionNode = FALSE
	EndGlobalSection
	GlobalSection(ExtensibilityGlobals) = postSolution
		SolutionGuid = {FAC8B4D7-8B42-466A-AE8B-A8DD22E0111A}
	EndGlobalSection
EndGlobal
